
Microsoft Visual Studio Solution File, Format Version 12.00
# Visual Studio Version 17
VisualStudioVersion = 17.6.33815.320
MinimumVisualStudioVersion = 10.0.40219.1
Project("{FAE04EC0-301F-11D3-BF4B-00C04F79EFBC}") = "FirstWindowsDesktop", "FirstWindowsDesktop\FirstWindowsDesktop.csproj", "{A3BD029C-A7A4-483F-A507-ECFDC01B0DE5}"
EndProject
Project("{FAE04EC0-301F-11D3-BF4B-00C04F79EFBC}") = "FirstWindowsDesktopDomain", "Classes\FirstWindowsDesktopDomain.csproj", "{0A01933D-1991-441C-B775-F010EA1E3549}"
EndProject
Global
	GlobalSection(SolutionConfigurationPlatforms) = preSolution
		Debug|Any CPU = Debug|Any CPU
		Release|Any CPU = Release|Any CPU
	EndGlobalSection
	GlobalSection(ProjectConfigurationPlatforms) = postSolution
		{A3BD029C-A7A4-483F-A507-ECFDC01B0DE5}.Debug|Any CPU.ActiveCfg = Debug|Any CPU
		{A3BD029C-A7A4-483F-A507-ECFDC01B0DE5}.Debug|Any CPU.Build.0 = Debug|Any CPU
		{A3BD029C-A7A4-483F-A507-ECFDC01B0DE5}.Release|Any CPU.ActiveCfg = Release|Any CPU
		{A3BD029C-A7A4-483F-A507-ECFDC01B0DE5}.Release|Any CPU.Build.0 = Release|Any CPU
		{0A01933D-1991-441C-B775-F010EA1E3549}.Debug|Any CPU.ActiveCfg = Debug|Any CPU
		{0A01933D-1991-441C-B775-F010EA1E3549}.Debug|Any CPU.Build.0 = Debug|Any CPU
		{0A01933D-1991-441C-B775-F010EA1E3549}.Release|Any CPU.ActiveCfg = Release|Any CPU
		{0A01933D-1991-441C-B775-F010EA1E3549}.Release|Any CPU.Build.0 = Release|Any CPU
	EndGlobalSection
	GlobalSection(SolutionProperties) = preSolution
		HideSolutionNode = FALSE
	EndGlobalSection
	GlobalSection(ExtensibilityGlobals) = postSolution
		SolutionGuid = {59375D61-895E-4BBF-A3B4-19C41B1CFEFB}
	EndGlobalSection
EndGlobal
